# Code generated by scarb DO NOT EDIT.
version = 1

[[package]]
name = "amm"
version = "0.1.0"
dependencies = [
 "openzeppelin",
 "snforge_std",
]

[[package]]
name = "haiko"
version = "0.1.0"
dependencies = [
 "amm",
 "strategies",
]

[[package]]
name = "openzeppelin"
version = "0.8.0-beta.0"
source = "git+https://github.com/OpenZeppelin/cairo-contracts.git?branch=main#f3e2a5f0547a429c716f32471b06df729cbdfb9f"

[[package]]
name = "snforge_std"
version = "0.1.0"
source = "git+https://github.com/foundry-rs/starknet-foundry.git?tag=v0.12.0#0c3d2fe4ab31aa4484fa216417408ae65a149efe"

[[package]]
name = "strategies"
version = "0.1.0"
dependencies = [
 "amm",
 "openzeppelin",
 "snforge_std",
]
