# Code generated by scarb DO NOT EDIT.
version = 1

[[package]]
name = "amm"
version = "0.1.0"
dependencies = [
 "openzeppelin",
 "snforge_std",
]

[[package]]
name = "haiko"
version = "0.1.0"
dependencies = [
 "amm",
 "strategies",
]

[[package]]
name = "openzeppelin"
version = "0.8.1"
source = "git+https://github.com/OpenZeppelin/cairo-contracts.git?branch=main#ba4f528cea3d695e37d5e068cb534ab86d465b8a"

[[package]]
name = "snforge_std"
version = "0.16.0"
source = "git+https://github.com/foundry-rs/starknet-foundry.git?tag=v0.16.0#f58e0ab42b6095b7d0cb841ede595aecbc9cb45d"

[[package]]
name = "strategies"
version = "0.1.0"
dependencies = [
 "amm",
 "openzeppelin",
 "snforge_std",
]
