# Code generated by scarb DO NOT EDIT.
version = 1

[[package]]
name = "amm"
version = "0.1.0"
dependencies = [
 "openzeppelin",
 "snforge_std",
]

[[package]]
name = "openzeppelin"
version = "0.8.0-beta.0"
source = "git+https://github.com/OpenZeppelin/cairo-contracts.git?tag=v0.8.0-beta.0#4c95981a7178e43730f152c85a92336dc6a22d62"

[[package]]
name = "snforge_std"
version = "0.1.0"
source = "git+https://github.com/foundry-rs/starknet-foundry.git?tag=v0.9.1#da085bd11e1b151d0592f43917136560d9b70d37"

[[package]]
name = "sphinx"
version = "0.1.0"
dependencies = [
 "amm",
 "strategies",
]

[[package]]
name = "strategies"
version = "0.1.0"
dependencies = [
 "amm",
]
